
Microsoft Visual Studio Solution File, Format Version 12.00
# Visual Studio 15
VisualStudioVersion = 15.0.28307.168
MinimumVisualStudioVersion = 10.0.40219.1
Project("{FAE04EC0-301F-11D3-BF4B-00C04F79EFBC}") = "SpecFlow", "SpecFlow\SpecFlow.csproj", "{947B033F-EF32-4474-8BA6-5930797D0169}"
EndProject
Global
	GlobalSection(SolutionConfigurationPlatforms) = preSolution
		Debug|Any CPU = Debug|Any CPU
		Release|Any CPU = Release|Any CPU
	EndGlobalSection
	GlobalSection(ProjectConfigurationPlatforms) = postSolution
		{947B033F-EF32-4474-8BA6-5930797D0169}.Debug|Any CPU.ActiveCfg = Debug|Any CPU
		{947B033F-EF32-4474-8BA6-5930797D0169}.Debug|Any CPU.Build.0 = Debug|Any CPU
		{947B033F-EF32-4474-8BA6-5930797D0169}.Release|Any CPU.ActiveCfg = Release|Any CPU
		{947B033F-EF32-4474-8BA6-5930797D0169}.Release|Any CPU.Build.0 = Release|Any CPU
	EndGlobalSection
	GlobalSection(SolutionProperties) = preSolution
		HideSolutionNode = FALSE
	EndGlobalSection
	GlobalSection(ExtensibilityGlobals) = postSolution
		SolutionGuid = {4F94238C-454A-416C-A788-8B6F69F088CD}
	EndGlobalSection
EndGlobal
